
Microsoft Visual Studio Solution File, Format Version 12.00
# Visual Studio Version 17
VisualStudioVersion = 17.3.32825.248
MinimumVisualStudioVersion = 10.0.40219.1
Project("{FAE04EC0-301F-11D3-BF4B-00C04F79EFBC}") = "KUZZECHKA", "KUZZECHKA\KUZZECHKA.csproj", "{D0B7E54E-03BC-4308-9D59-861CA1E99274}"
EndProject
Global
	GlobalSection(SolutionConfigurationPlatforms) = preSolution
		Debug|Any CPU = Debug|Any CPU
		Release|Any CPU = Release|Any CPU
	EndGlobalSection
	GlobalSection(ProjectConfigurationPlatforms) = postSolution
		{D0B7E54E-03BC-4308-9D59-861CA1E99274}.Debug|Any CPU.ActiveCfg = Debug|Any CPU
		{D0B7E54E-03BC-4308-9D59-861CA1E99274}.Debug|Any CPU.Build.0 = Debug|Any CPU
		{D0B7E54E-03BC-4308-9D59-861CA1E99274}.Release|Any CPU.ActiveCfg = Release|Any CPU
		{D0B7E54E-03BC-4308-9D59-861CA1E99274}.Release|Any CPU.Build.0 = Release|Any CPU
	EndGlobalSection
	GlobalSection(SolutionProperties) = preSolution
		HideSolutionNode = FALSE
	EndGlobalSection
	GlobalSection(ExtensibilityGlobals) = postSolution
		SolutionGuid = {1BEA8CBE-7EAB-4DFE-8BBC-6E33F2AE550B}
	EndGlobalSection
EndGlobal
